// !$*UTF8*$!
{
	archiveVersion = 1;
	classes = {
	};
	objectVersion = 56;
	objects = {

/* Begin PBXBuildFile section */
		B6F83F262BB9CCB0006012EC /* SpotterApp.swift in Sources */ = {isa = PBXBuildFile; fileRef = B6F83F252BB9CCB0006012EC /* SpotterApp.swift */; };
		B6F83F282BB9CCB0006012EC /* ContentView.swift in Sources */ = {isa = PBXBuildFile; fileRef = B6F83F272BB9CCB0006012EC /* ContentView.swift */; };
		B6F83F2A2BB9CCB1006012EC /* Assets.xcassets in Resources */ = {isa = PBXBuildFile; fileRef = B6F83F292BB9CCB1006012EC /* Assets.xcassets */; };
		B6F83F2E2BB9CCB1006012EC /* Preview Assets.xcassets in Resources */ = {isa = PBXBuildFile; fileRef = B6F83F2D2BB9CCB1006012EC /* Preview Assets.xcassets */; };
		B6F83F362BB9CD81006012EC /* SDWebImageSwiftUI in Frameworks */ = {isa = PBXBuildFile; productRef = B6F83F352BB9CD81006012EC /* SDWebImageSwiftUI */; };
		B6F83F392BB9CDAE006012EC /* ImageLoaderVIew.swift in Sources */ = {isa = PBXBuildFile; fileRef = B6F83F382BB9CDAE006012EC /* ImageLoaderVIew.swift */; };
		B6F83F3C2BB9CDFA006012EC /* String.swift in Sources */ = {isa = PBXBuildFile; fileRef = B6F83F3B2BB9CDFA006012EC /* String.swift */; };
		B6F83F3E2BB9DB59006012EC /* Сonstants.swift in Sources */ = {isa = PBXBuildFile; fileRef = B6F83F3D2BB9DB59006012EC /* Сonstants.swift */; };
		B6F83F402BB9DCD9006012EC /* DatabaseHelper.swift in Sources */ = {isa = PBXBuildFile; fileRef = B6F83F3F2BB9DCD9006012EC /* DatabaseHelper.swift */; };
		B6F83F422BB9DF02006012EC /* Products.swift in Sources */ = {isa = PBXBuildFile; fileRef = B6F83F412BB9DF02006012EC /* Products.swift */; };
		B6F83F442BB9DF14006012EC /* Users.swift in Sources */ = {isa = PBXBuildFile; fileRef = B6F83F432BB9DF14006012EC /* Users.swift */; };
		B6F83F472BBB274B006012EC /* SwiftfulUI in Frameworks */ = {isa = PBXBuildFile; productRef = B6F83F462BBB274B006012EC /* SwiftfulUI */; };
		B6F83F4A2BBB2775006012EC /* SwiftfulRouting in Frameworks */ = {isa = PBXBuildFile; productRef = B6F83F492BBB2775006012EC /* SwiftfulRouting */; };
/* End PBXBuildFile section */

/* Begin PBXFileReference section */
		B6F83F222BB9CCB0006012EC /* Spotter.app */ = {isa = PBXFileReference; explicitFileType = wrapper.application; includeInIndex = 0; path = Spotter.app; sourceTree = BUILT_PRODUCTS_DIR; };
		B6F83F252BB9CCB0006012EC /* SpotterApp.swift */ = {isa = PBXFileReference; lastKnownFileType = sourcecode.swift; path = SpotterApp.swift; sourceTree = "<group>"; };
		B6F83F272BB9CCB0006012EC /* ContentView.swift */ = {isa = PBXFileReference; lastKnownFileType = sourcecode.swift; path = ContentView.swift; sourceTree = "<group>"; };
		B6F83F292BB9CCB1006012EC /* Assets.xcassets */ = {isa = PBXFileReference; lastKnownFileType = folder.assetcatalog; path = Assets.xcassets; sourceTree = "<group>"; };
		B6F83F2B2BB9CCB1006012EC /* Spotter.entitlements */ = {isa = PBXFileReference; lastKnownFileType = text.plist.entitlements; path = Spotter.entitlements; sourceTree = "<group>"; };
		B6F83F2D2BB9CCB1006012EC /* Preview Assets.xcassets */ = {isa = PBXFileReference; lastKnownFileType = folder.assetcatalog; path = "Preview Assets.xcassets"; sourceTree = "<group>"; };
		B6F83F382BB9CDAE006012EC /* ImageLoaderVIew.swift */ = {isa = PBXFileReference; lastKnownFileType = sourcecode.swift; path = ImageLoaderVIew.swift; sourceTree = "<group>"; };
		B6F83F3B2BB9CDFA006012EC /* String.swift */ = {isa = PBXFileReference; lastKnownFileType = sourcecode.swift; path = String.swift; sourceTree = "<group>"; };
		B6F83F3D2BB9DB59006012EC /* Сonstants.swift */ = {isa = PBXFileReference; lastKnownFileType = sourcecode.swift; path = "Сonstants.swift"; sourceTree = "<group>"; };
		B6F83F3F2BB9DCD9006012EC /* DatabaseHelper.swift */ = {isa = PBXFileReference; lastKnownFileType = sourcecode.swift; path = DatabaseHelper.swift; sourceTree = "<group>"; };
		B6F83F412BB9DF02006012EC /* Products.swift */ = {isa = PBXFileReference; lastKnownFileType = sourcecode.swift; path = Products.swift; sourceTree = "<group>"; };
		B6F83F432BB9DF14006012EC /* Users.swift */ = {isa = PBXFileReference; lastKnownFileType = sourcecode.swift; path = Users.swift; sourceTree = "<group>"; };
/* End PBXFileReference section */

/* Begin PBXFrameworksBuildPhase section */
		B6F83F1F2BB9CCB0006012EC /* Frameworks */ = {
			isa = PBXFrameworksBuildPhase;
			buildActionMask = 2147483647;
			files = (
				B6F83F472BBB274B006012EC /* SwiftfulUI in Frameworks */,
				B6F83F4A2BBB2775006012EC /* SwiftfulRouting in Frameworks */,
				B6F83F362BB9CD81006012EC /* SDWebImageSwiftUI in Frameworks */,
			);
			runOnlyForDeploymentPostprocessing = 0;
		};
/* End PBXFrameworksBuildPhase section */

/* Begin PBXGroup section */
		B6F83F192BB9CCB0006012EC = {
			isa = PBXGroup;
			children = (
				B6F83F242BB9CCB0006012EC /* Spotter */,
				B6F83F232BB9CCB0006012EC /* Products */,
			);
			sourceTree = "<group>";
		};
		B6F83F232BB9CCB0006012EC /* Products */ = {
			isa = PBXGroup;
			children = (
				B6F83F222BB9CCB0006012EC /* Spotter.app */,
			);
			name = Products;
			sourceTree = "<group>";
		};
		B6F83F242BB9CCB0006012EC /* Spotter */ = {
			isa = PBXGroup;
			children = (
				B6F83F3A2BB9CDE8006012EC /* Extensions */,
				B6F83F252BB9CCB0006012EC /* SpotterApp.swift */,
				B6F83F272BB9CCB0006012EC /* ContentView.swift */,
				B6F83F372BB9CD92006012EC /* Shared */,
				B6F83F292BB9CCB1006012EC /* Assets.xcassets */,
				B6F83F2B2BB9CCB1006012EC /* Spotter.entitlements */,
				B6F83F2C2BB9CCB1006012EC /* Preview Content */,
			);
			path = Spotter;
			sourceTree = "<group>";
		};
		B6F83F2C2BB9CCB1006012EC /* Preview Content */ = {
			isa = PBXGroup;
			children = (
				B6F83F2D2BB9CCB1006012EC /* Preview Assets.xcassets */,
			);
			path = "Preview Content";
			sourceTree = "<group>";
		};
		B6F83F372BB9CD92006012EC /* Shared */ = {
			isa = PBXGroup;
			children = (
				B6F83F3F2BB9DCD9006012EC /* DatabaseHelper.swift */,
				B6F83F382BB9CDAE006012EC /* ImageLoaderVIew.swift */,
				B6F83F412BB9DF02006012EC /* Products.swift */,
				B6F83F432BB9DF14006012EC /* Users.swift */,
			);
			path = Shared;
			sourceTree = "<group>";
		};
		B6F83F3A2BB9CDE8006012EC /* Extensions */ = {
			isa = PBXGroup;
			children = (
				B6F83F3B2BB9CDFA006012EC /* String.swift */,
				B6F83F3D2BB9DB59006012EC /* Сonstants.swift */,
			);
			path = Extensions;
			sourceTree = "<group>";
		};
/* End PBXGroup section */

/* Begin PBXNativeTarget section */
		B6F83F212BB9CCB0006012EC /* Spotter */ = {
			isa = PBXNativeTarget;
			buildConfigurationList = B6F83F312BB9CCB1006012EC /* Build configuration list for PBXNativeTarget "Spotter" */;
			buildPhases = (
				B6F83F1E2BB9CCB0006012EC /* Sources */,
				B6F83F1F2BB9CCB0006012EC /* Frameworks */,
				B6F83F202BB9CCB0006012EC /* Resources */,
			);
			buildRules = (
			);
			dependencies = (
			);
			name = Spotter;
			packageProductDependencies = (
				B6F83F352BB9CD81006012EC /* SDWebImageSwiftUI */,
				B6F83F462BBB274B006012EC /* SwiftfulUI */,
				B6F83F492BBB2775006012EC /* SwiftfulRouting */,
			);
			productName = Spotter;
			productReference = B6F83F222BB9CCB0006012EC /* Spotter.app */;
			productType = "com.apple.product-type.application";
		};
/* End PBXNativeTarget section */

/* Begin PBXProject section */
		B6F83F1A2BB9CCB0006012EC /* Project object */ = {
			isa = PBXProject;
			attributes = {
				BuildIndependentTargetsInParallel = 1;
				LastSwiftUpdateCheck = 1530;
				LastUpgradeCheck = 1530;
				TargetAttributes = {
					B6F83F212BB9CCB0006012EC = {
						CreatedOnToolsVersion = 15.3;
					};
				};
			};
			buildConfigurationList = B6F83F1D2BB9CCB0006012EC /* Build configuration list for PBXProject "Spotter" */;
			compatibilityVersion = "Xcode 14.0";
			developmentRegion = en;
			hasScannedForEncodings = 0;
			knownRegions = (
				en,
				Base,
			);
			mainGroup = B6F83F192BB9CCB0006012EC;
			packageReferences = (
				B6F83F342BB9CD81006012EC /* XCRemoteSwiftPackageReference "SDWebImageSwiftUI" */,
				B6F83F452BBB274B006012EC /* XCRemoteSwiftPackageReference "SwiftfulUI" */,
				B6F83F482BBB2775006012EC /* XCRemoteSwiftPackageReference "SwiftfulRouting" */,
			);
			productRefGroup = B6F83F232BB9CCB0006012EC /* Products */;
			projectDirPath = "";
			projectRoot = "";
			targets = (
				B6F83F212BB9CCB0006012EC /* Spotter */,
			);
		};
/* End PBXProject section */

/* Begin PBXResourcesBuildPhase section */
		B6F83F202BB9CCB0006012EC /* Resources */ = {
			isa = PBXResourcesBuildPhase;
			buildActionMask = 2147483647;
			files = (
				B6F83F2E2BB9CCB1006012EC /* Preview Assets.xcassets in Resources */,
				B6F83F2A2BB9CCB1006012EC /* Assets.xcassets in Resources */,
			);
			runOnlyForDeploymentPostprocessing = 0;
		};
/* End PBXResourcesBuildPhase section */

/* Begin PBXSourcesBuildPhase section */
		B6F83F1E2BB9CCB0006012EC /* Sources */ = {
			isa = PBXSourcesBuildPhase;
			buildActionMask = 2147483647;
			files = (
				B6F83F442BB9DF14006012EC /* Users.swift in Sources */,
				B6F83F282BB9CCB0006012EC /* ContentView.swift in Sources */,
				B6F83F392BB9CDAE006012EC /* ImageLoaderVIew.swift in Sources */,
				B6F83F3E2BB9DB59006012EC /* Сonstants.swift in Sources */,
				B6F83F422BB9DF02006012EC /* Products.swift in Sources */,
				B6F83F3C2BB9CDFA006012EC /* String.swift in Sources */,
				B6F83F402BB9DCD9006012EC /* DatabaseHelper.swift in Sources */,
				B6F83F262BB9CCB0006012EC /* SpotterApp.swift in Sources */,
			);
			runOnlyForDeploymentPostprocessing = 0;
		};
/* End PBXSourcesBuildPhase section */

/* Begin XCBuildConfiguration section */
		B6F83F2F2BB9CCB1006012EC /* Debug */ = {
			isa = XCBuildConfiguration;
			buildSettings = {
				ALWAYS_SEARCH_USER_PATHS = NO;
				ASSETCATALOG_COMPILER_GENERATE_SWIFT_ASSET_SYMBOL_EXTENSIONS = YES;
				CLANG_ANALYZER_NONNULL = YES;
				CLANG_ANALYZER_NUMBER_OBJECT_CONVERSION = YES_AGGRESSIVE;
				CLANG_CXX_LANGUAGE_STANDARD = "gnu++20";
				CLANG_ENABLE_MODULES = YES;
				CLANG_ENABLE_OBJC_ARC = YES;
				CLANG_ENABLE_OBJC_WEAK = YES;
				CLANG_WARN_BLOCK_CAPTURE_AUTORELEASING = YES;
				CLANG_WARN_BOOL_CONVERSION = YES;
				CLANG_WARN_COMMA = YES;
				CLANG_WARN_CONSTANT_CONVERSION = YES;
				CLANG_WARN_DEPRECATED_OBJC_IMPLEMENTATIONS = YES;
				CLANG_WARN_DIRECT_OBJC_ISA_USAGE = YES_ERROR;
				CLANG_WARN_DOCUMENTATION_COMMENTS = YES;
				CLANG_WARN_EMPTY_BODY = YES;
				CLANG_WARN_ENUM_CONVERSION = YES;
				CLANG_WARN_INFINITE_RECURSION = YES;
				CLANG_WARN_INT_CONVERSION = YES;
				CLANG_WARN_NON_LITERAL_NULL_CONVERSION = YES;
				CLANG_WARN_OBJC_IMPLICIT_RETAIN_SELF = YES;
				CLANG_WARN_OBJC_LITERAL_CONVERSION = YES;
				CLANG_WARN_OBJC_ROOT_CLASS = YES_ERROR;
				CLANG_WARN_QUOTED_INCLUDE_IN_FRAMEWORK_HEADER = YES;
				CLANG_WARN_RANGE_LOOP_ANALYSIS = YES;
				CLANG_WARN_STRICT_PROTOTYPES = YES;
				CLANG_WARN_SUSPICIOUS_MOVE = YES;
				CLANG_WARN_UNGUARDED_AVAILABILITY = YES_AGGRESSIVE;
				CLANG_WARN_UNREACHABLE_CODE = YES;
				CLANG_WARN__DUPLICATE_METHOD_MATCH = YES;
				COPY_PHASE_STRIP = NO;
				DEBUG_INFORMATION_FORMAT = dwarf;
				ENABLE_STRICT_OBJC_MSGSEND = YES;
				ENABLE_TESTABILITY = YES;
				ENABLE_USER_SCRIPT_SANDBOXING = YES;
				GCC_C_LANGUAGE_STANDARD = gnu17;
				GCC_DYNAMIC_NO_PIC = NO;
				GCC_NO_COMMON_BLOCKS = YES;
				GCC_OPTIMIZATION_LEVEL = 0;
				GCC_PREPROCESSOR_DEFINITIONS = (
					"DEBUG=1",
					"$(inherited)",
				);
				GCC_WARN_64_TO_32_BIT_CONVERSION = YES;
				GCC_WARN_ABOUT_RETURN_TYPE = YES_ERROR;
				GCC_WARN_UNDECLARED_SELECTOR = YES;
				GCC_WARN_UNINITIALIZED_AUTOS = YES_AGGRESSIVE;
				GCC_WARN_UNUSED_FUNCTION = YES;
				GCC_WARN_UNUSED_VARIABLE = YES;
				LOCALIZATION_PREFERS_STRING_CATALOGS = YES;
				MTL_ENABLE_DEBUG_INFO = INCLUDE_SOURCE;
				MTL_FAST_MATH = YES;
				ONLY_ACTIVE_ARCH = YES;
				SWIFT_ACTIVE_COMPILATION_CONDITIONS = "DEBUG $(inherited)";
				SWIFT_OPTIMIZATION_LEVEL = "-Onone";
			};
			name = Debug;
		};
		B6F83F302BB9CCB1006012EC /* Release */ = {
			isa = XCBuildConfiguration;
			buildSettings = {
				ALWAYS_SEARCH_USER_PATHS = NO;
				ASSETCATALOG_COMPILER_GENERATE_SWIFT_ASSET_SYMBOL_EXTENSIONS = YES;
				CLANG_ANALYZER_NONNULL = YES;
				CLANG_ANALYZER_NUMBER_OBJECT_CONVERSION = YES_AGGRESSIVE;
				CLANG_CXX_LANGUAGE_STANDARD = "gnu++20";
				CLANG_ENABLE_MODULES = YES;
				CLANG_ENABLE_OBJC_ARC = YES;
				CLANG_ENABLE_OBJC_WEAK = YES;
				CLANG_WARN_BLOCK_CAPTURE_AUTORELEASING = YES;
				CLANG_WARN_BOOL_CONVERSION = YES;
				CLANG_WARN_COMMA = YES;
				CLANG_WARN_CONSTANT_CONVERSION = YES;
				CLANG_WARN_DEPRECATED_OBJC_IMPLEMENTATIONS = YES;
				CLANG_WARN_DIRECT_OBJC_ISA_USAGE = YES_ERROR;
				CLANG_WARN_DOCUMENTATION_COMMENTS = YES;
				CLANG_WARN_EMPTY_BODY = YES;
				CLANG_WARN_ENUM_CONVERSION = YES;
				CLANG_WARN_INFINITE_RECURSION = YES;
				CLANG_WARN_INT_CONVERSION = YES;
				CLANG_WARN_NON_LITERAL_NULL_CONVERSION = YES;
				CLANG_WARN_OBJC_IMPLICIT_RETAIN_SELF = YES;
				CLANG_WARN_OBJC_LITERAL_CONVERSION = YES;
				CLANG_WARN_OBJC_ROOT_CLASS = YES_ERROR;
				CLANG_WARN_QUOTED_INCLUDE_IN_FRAMEWORK_HEADER = YES;
				CLANG_WARN_RANGE_LOOP_ANALYSIS = YES;
				CLANG_WARN_STRICT_PROTOTYPES = YES;
				CLANG_WARN_SUSPICIOUS_MOVE = YES;
				CLANG_WARN_UNGUARDED_AVAILABILITY = YES_AGGRESSIVE;
				CLANG_WARN_UNREACHABLE_CODE = YES;
				CLANG_WARN__DUPLICATE_METHOD_MATCH = YES;
				COPY_PHASE_STRIP = NO;
				DEBUG_INFORMATION_FORMAT = "dwarf-with-dsym";
				ENABLE_NS_ASSERTIONS = NO;
				ENABLE_STRICT_OBJC_MSGSEND = YES;
				ENABLE_USER_SCRIPT_SANDBOXING = YES;
				GCC_C_LANGUAGE_STANDARD = gnu17;
				GCC_NO_COMMON_BLOCKS = YES;
				GCC_WARN_64_TO_32_BIT_CONVERSION = YES;
				GCC_WARN_ABOUT_RETURN_TYPE = YES_ERROR;
				GCC_WARN_UNDECLARED_SELECTOR = YES;
				GCC_WARN_UNINITIALIZED_AUTOS = YES_AGGRESSIVE;
				GCC_WARN_UNUSED_FUNCTION = YES;
				GCC_WARN_UNUSED_VARIABLE = YES;
				LOCALIZATION_PREFERS_STRING_CATALOGS = YES;
				MTL_ENABLE_DEBUG_INFO = NO;
				MTL_FAST_MATH = YES;
				SWIFT_COMPILATION_MODE = wholemodule;
			};
			name = Release;
		};
		B6F83F322BB9CCB1006012EC /* Debug */ = {
			isa = XCBuildConfiguration;
			buildSettings = {
				ASSETCATALOG_COMPILER_APPICON_NAME = AppIcon;
				ASSETCATALOG_COMPILER_GLOBAL_ACCENT_COLOR_NAME = AccentColor;
				CODE_SIGN_ENTITLEMENTS = Spotter/Spotter.entitlements;
				CODE_SIGN_STYLE = Automatic;
				CURRENT_PROJECT_VERSION = 1;
				DEVELOPMENT_ASSET_PATHS = "\"Spotter/Preview Content\"";
				DEVELOPMENT_TEAM = JKYU7W8LBP;
				ENABLE_HARDENED_RUNTIME = YES;
				ENABLE_PREVIEWS = YES;
				GENERATE_INFOPLIST_FILE = YES;
				"INFOPLIST_KEY_UIApplicationSceneManifest_Generation[sdk=iphoneos*]" = YES;
				"INFOPLIST_KEY_UIApplicationSceneManifest_Generation[sdk=iphonesimulator*]" = YES;
				"INFOPLIST_KEY_UIApplicationSupportsIndirectInputEvents[sdk=iphoneos*]" = YES;
				"INFOPLIST_KEY_UIApplicationSupportsIndirectInputEvents[sdk=iphonesimulator*]" = YES;
				"INFOPLIST_KEY_UILaunchScreen_Generation[sdk=iphoneos*]" = YES;
				"INFOPLIST_KEY_UILaunchScreen_Generation[sdk=iphonesimulator*]" = YES;
				"INFOPLIST_KEY_UIStatusBarStyle[sdk=iphoneos*]" = UIStatusBarStyleDefault;
				"INFOPLIST_KEY_UIStatusBarStyle[sdk=iphonesimulator*]" = UIStatusBarStyleDefault;
				INFOPLIST_KEY_UISupportedInterfaceOrientations_iPad = "UIInterfaceOrientationPortrait UIInterfaceOrientationPortraitUpsideDown UIInterfaceOrientationLandscapeLeft UIInterfaceOrientationLandscapeRight";
				INFOPLIST_KEY_UISupportedInterfaceOrientations_iPhone = "UIInterfaceOrientationPortrait UIInterfaceOrientationLandscapeLeft UIInterfaceOrientationLandscapeRight";
				IPHONEOS_DEPLOYMENT_TARGET = 17.4;
				LD_RUNPATH_SEARCH_PATHS = "@executable_path/Frameworks";
				"LD_RUNPATH_SEARCH_PATHS[sdk=macosx*]" = "@executable_path/../Frameworks";
				MACOSX_DEPLOYMENT_TARGET = 14.0;
				MARKETING_VERSION = 1.0;
				PRODUCT_BUNDLE_IDENTIFIER = mishacausur.Spotter;
				PRODUCT_NAME = "$(TARGET_NAME)";
				SDKROOT = auto;
				SUPPORTED_PLATFORMS = "iphoneos iphonesimulator macosx";
				SWIFT_EMIT_LOC_STRINGS = YES;
				SWIFT_VERSION = 5.0;
				TARGETED_DEVICE_FAMILY = "1,2";
			};
			name = Debug;
		};
		B6F83F332BB9CCB1006012EC /* Release */ = {
			isa = XCBuildConfiguration;
			buildSettings = {
				ASSETCATALOG_COMPILER_APPICON_NAME = AppIcon;
				ASSETCATALOG_COMPILER_GLOBAL_ACCENT_COLOR_NAME = AccentColor;
				CODE_SIGN_ENTITLEMENTS = Spotter/Spotter.entitlements;
				CODE_SIGN_STYLE = Automatic;
				CURRENT_PROJECT_VERSION = 1;
				DEVELOPMENT_ASSET_PATHS = "\"Spotter/Preview Content\"";
				DEVELOPMENT_TEAM = JKYU7W8LBP;
				ENABLE_HARDENED_RUNTIME = YES;
				ENABLE_PREVIEWS = YES;
				GENERATE_INFOPLIST_FILE = YES;
				"INFOPLIST_KEY_UIApplicationSceneManifest_Generation[sdk=iphoneos*]" = YES;
				"INFOPLIST_KEY_UIApplicationSceneManifest_Generation[sdk=iphonesimulator*]" = YES;
				"INFOPLIST_KEY_UIApplicationSupportsIndirectInputEvents[sdk=iphoneos*]" = YES;
				"INFOPLIST_KEY_UIApplicationSupportsIndirectInputEvents[sdk=iphonesimulator*]" = YES;
				"INFOPLIST_KEY_UILaunchScreen_Generation[sdk=iphoneos*]" = YES;
				"INFOPLIST_KEY_UILaunchScreen_Generation[sdk=iphonesimulator*]" = YES;
				"INFOPLIST_KEY_UIStatusBarStyle[sdk=iphoneos*]" = UIStatusBarStyleDefault;
				"INFOPLIST_KEY_UIStatusBarStyle[sdk=iphonesimulator*]" = UIStatusBarStyleDefault;
				INFOPLIST_KEY_UISupportedInterfaceOrientations_iPad = "UIInterfaceOrientationPortrait UIInterfaceOrientationPortraitUpsideDown UIInterfaceOrientationLandscapeLeft UIInterfaceOrientationLandscapeRight";
				INFOPLIST_KEY_UISupportedInterfaceOrientations_iPhone = "UIInterfaceOrientationPortrait UIInterfaceOrientationLandscapeLeft UIInterfaceOrientationLandscapeRight";
				IPHONEOS_DEPLOYMENT_TARGET = 17.4;
				LD_RUNPATH_SEARCH_PATHS = "@executable_path/Frameworks";
				"LD_RUNPATH_SEARCH_PATHS[sdk=macosx*]" = "@executable_path/../Frameworks";
				MACOSX_DEPLOYMENT_TARGET = 14.0;
				MARKETING_VERSION = 1.0;
				PRODUCT_BUNDLE_IDENTIFIER = mishacausur.Spotter;
				PRODUCT_NAME = "$(TARGET_NAME)";
				SDKROOT = auto;
				SUPPORTED_PLATFORMS = "iphoneos iphonesimulator macosx";
				SWIFT_EMIT_LOC_STRINGS = YES;
				SWIFT_VERSION = 5.0;
				TARGETED_DEVICE_FAMILY = "1,2";
			};
			name = Release;
		};
/* End XCBuildConfiguration section */

/* Begin XCConfigurationList section */
		B6F83F1D2BB9CCB0006012EC /* Build configuration list for PBXProject "Spotter" */ = {
			isa = XCConfigurationList;
			buildConfigurations = (
				B6F83F2F2BB9CCB1006012EC /* Debug */,
				B6F83F302BB9CCB1006012EC /* Release */,
			);
			defaultConfigurationIsVisible = 0;
			defaultConfigurationName = Release;
		};
		B6F83F312BB9CCB1006012EC /* Build configuration list for PBXNativeTarget "Spotter" */ = {
			isa = XCConfigurationList;
			buildConfigurations = (
				B6F83F322BB9CCB1006012EC /* Debug */,
				B6F83F332BB9CCB1006012EC /* Release */,
			);
			defaultConfigurationIsVisible = 0;
			defaultConfigurationName = Release;
		};
/* End XCConfigurationList section */

/* Begin XCRemoteSwiftPackageReference section */
		B6F83F342BB9CD81006012EC /* XCRemoteSwiftPackageReference "SDWebImageSwiftUI" */ = {
			isa = XCRemoteSwiftPackageReference;
			repositoryURL = "https://github.com/SDWebImage/SDWebImageSwiftUI.git";
			requirement = {
				kind = upToNextMajorVersion;
				minimumVersion = 3.0.2;
			};
		};
		B6F83F452BBB274B006012EC /* XCRemoteSwiftPackageReference "SwiftfulUI" */ = {
			isa = XCRemoteSwiftPackageReference;
			repositoryURL = "https://github.com/SwiftfulThinking/SwiftfulUI.git";
			requirement = {
				kind = upToNextMajorVersion;
				minimumVersion = 1.2.0;
			};
		};
		B6F83F482BBB2775006012EC /* XCRemoteSwiftPackageReference "SwiftfulRouting" */ = {
			isa = XCRemoteSwiftPackageReference;
			repositoryURL = "https://github.com/SwiftfulThinking/SwiftfulRouting.git";
			requirement = {
				kind = upToNextMajorVersion;
				minimumVersion = 5.3.2;
			};
		};
/* End XCRemoteSwiftPackageReference section */

/* Begin XCSwiftPackageProductDependency section */
		B6F83F352BB9CD81006012EC /* SDWebImageSwiftUI */ = {
			isa = XCSwiftPackageProductDependency;
			package = B6F83F342BB9CD81006012EC /* XCRemoteSwiftPackageReference "SDWebImageSwiftUI" */;
			productName = SDWebImageSwiftUI;
		};
		B6F83F462BBB274B006012EC /* SwiftfulUI */ = {
			isa = XCSwiftPackageProductDependency;
			package = B6F83F452BBB274B006012EC /* XCRemoteSwiftPackageReference "SwiftfulUI" */;
			productName = SwiftfulUI;
		};
		B6F83F492BBB2775006012EC /* SwiftfulRouting */ = {
			isa = XCSwiftPackageProductDependency;
			package = B6F83F482BBB2775006012EC /* XCRemoteSwiftPackageReference "SwiftfulRouting" */;
			productName = SwiftfulRouting;
		};
/* End XCSwiftPackageProductDependency section */
	};
	rootObject = B6F83F1A2BB9CCB0006012EC /* Project object */;
}
